
Microsoft Visual Studio Solution File, Format Version 12.00
# Visual Studio Version 16
VisualStudioVersion = 25.0.1703.8
MinimumVisualStudioVersion = 10.0.40219.1
Project("{FAE04EC0-301F-11D3-BF4B-00C04F79EFBC}") = "my-books", "my-books\my-books.csproj", "{DBA7F970-F583-4273-BFAE-C5DB7ED940C2}"
EndProject
Global
	GlobalSection(SolutionConfigurationPlatforms) = preSolution
		Debug|Any CPU = Debug|Any CPU
		Release|Any CPU = Release|Any CPU
	EndGlobalSection
	GlobalSection(ProjectConfigurationPlatforms) = postSolution
		{DBA7F970-F583-4273-BFAE-C5DB7ED940C2}.Debug|Any CPU.ActiveCfg = Debug|Any CPU
		{DBA7F970-F583-4273-BFAE-C5DB7ED940C2}.Debug|Any CPU.Build.0 = Debug|Any CPU
		{DBA7F970-F583-4273-BFAE-C5DB7ED940C2}.Release|Any CPU.ActiveCfg = Release|Any CPU
		{DBA7F970-F583-4273-BFAE-C5DB7ED940C2}.Release|Any CPU.Build.0 = Release|Any CPU
	EndGlobalSection
	GlobalSection(SolutionProperties) = preSolution
		HideSolutionNode = FALSE
	EndGlobalSection
	GlobalSection(ExtensibilityGlobals) = postSolution
		SolutionGuid = {C4CC50C5-5E7F-4CEE-8875-41597EF8B2C7}
	EndGlobalSection
EndGlobal
